
Microsoft Visual Studio Solution File, Format Version 12.00
# Visual Studio 2013
VisualStudioVersion = 12.0.21005.1
MinimumVisualStudioVersion = 10.0.40219.1
Project("{FAE04EC0-301F-11D3-BF4B-00C04F79EFBC}") = "QuanLyTiemSach", "QuanLyNhaSach\QuanLyTiemSach.csproj", "{2D23908A-CB82-4035-B403-33B8CA67DC1E}"
EndProject
Project("{FAE04EC0-301F-11D3-BF4B-00C04F79EFBC}") = "BusinessAcessLayer", "BusinessAcessLayer\BusinessAcessLayer.csproj", "{789E3854-6730-470E-BA76-8DF8B7F9EDB1}"
EndProject
Project("{FAE04EC0-301F-11D3-BF4B-00C04F79EFBC}") = "DataAccessLayer", "DataAccessLayer\DataAccessLayer.csproj", "{403FDE09-7881-4C8A-AEBD-428BA93888F8}"
EndProject
Global
	GlobalSection(SolutionConfigurationPlatforms) = preSolution
		Debug|Any CPU = Debug|Any CPU
		Release|Any CPU = Release|Any CPU
	EndGlobalSection
	GlobalSection(ProjectConfigurationPlatforms) = postSolution
		{2D23908A-CB82-4035-B403-33B8CA67DC1E}.Debug|Any CPU.ActiveCfg = Debug|Any CPU
		{2D23908A-CB82-4035-B403-33B8CA67DC1E}.Debug|Any CPU.Build.0 = Debug|Any CPU
		{2D23908A-CB82-4035-B403-33B8CA67DC1E}.Release|Any CPU.ActiveCfg = Release|Any CPU
		{2D23908A-CB82-4035-B403-33B8CA67DC1E}.Release|Any CPU.Build.0 = Release|Any CPU
		{789E3854-6730-470E-BA76-8DF8B7F9EDB1}.Debug|Any CPU.ActiveCfg = Debug|Any CPU
		{789E3854-6730-470E-BA76-8DF8B7F9EDB1}.Debug|Any CPU.Build.0 = Debug|Any CPU
		{789E3854-6730-470E-BA76-8DF8B7F9EDB1}.Release|Any CPU.ActiveCfg = Release|Any CPU
		{789E3854-6730-470E-BA76-8DF8B7F9EDB1}.Release|Any CPU.Build.0 = Release|Any CPU
		{403FDE09-7881-4C8A-AEBD-428BA93888F8}.Debug|Any CPU.ActiveCfg = Debug|Any CPU
		{403FDE09-7881-4C8A-AEBD-428BA93888F8}.Debug|Any CPU.Build.0 = Debug|Any CPU
		{403FDE09-7881-4C8A-AEBD-428BA93888F8}.Release|Any CPU.ActiveCfg = Release|Any CPU
		{403FDE09-7881-4C8A-AEBD-428BA93888F8}.Release|Any CPU.Build.0 = Release|Any CPU
	EndGlobalSection
	GlobalSection(SolutionProperties) = preSolution
		HideSolutionNode = FALSE
	EndGlobalSection
EndGlobal
